<?xml version="1.0" encoding="utf-8"?>
<Project ToolsVersion="15.0" xmlns="http://schemas.microsoft.com/developer/msbuild/2003">
  <ItemGroup>
    <ClCompile Include="..\..\tests\test2.c">
      <Filter>Source Files</Filter>
    </ClCompile>
    <ClCompile Include="..\..\tests\parse_flags.c">
      <Filter>Source Files</Filter>
    </ClCompile>
  </ItemGroup>
  <ItemGroup>
    <ClInclude Include="..\..\tests\parse_flags.h">
      <Filter>Header Files</Filter>
    </ClInclude>
  </ItemGroup>
  <ItemGroup>
    <Filter Include="Header Files">
      <UniqueIdentifier>{055B5CF6-18F8-38F6-96E7-3851485E066A}</UniqueIdentifier>
    </Filter>
    <Filter Include="Source Files">
      <UniqueIdentifier>{2724EEDB-E698-31C5-A6EC-8D3B4B212C8A}</UniqueIdentifier>
    </Filter>
  </ItemGroup>
</Project>