Microsoft Visual Studio Solution File, Format Version 12.00
# Visual Studio 15
VisualStudioVersion = 15.0.28307.1062
MinimumVisualStudioVersion = 10.0.40219.1
Project("{8BC9CEB8-8B4A-11D0-8D11-00A0C91BC942}") = "json-c", "json-c.vcxproj", "{E27D4C59-B2C8-3FCE-83B9-431C73142312}"
EndProject
Project("{8BC9CEB8-8B4A-11D0-8D11-00A0C91BC942}") = "json-c-static", "json-c-static.vcxproj", "{6E40A029-4199-3D5F-BFA6-CE4788780A61}"
EndProject
Project("{8BC9CEB8-8B4A-11D0-8D11-00A0C91BC942}") = "test1", "tests\test1.vcxproj", "{76BEC8CB-4397-34A6-BB1A-E020F1EFF59B}"
	ProjectSection(ProjectDependencies) = postProject
		{E27D4C59-B2C8-3FCE-83B9-431C73142312} = {E27D4C59-B2C8-3FCE-83B9-431C73142312}
	EndProjectSection
EndProject
Project("{8BC9CEB8-8B4A-11D0-8D11-00A0C91BC942}") = "test1Formatted", "tests\test1Formatted.vcxproj", "{166B9D43-F8FD-3BD2-AD61-0E356B6879C9}"
	ProjectSection(ProjectDependencies) = postProject
		{E27D4C59-B2C8-3FCE-83B9-431C73142312} = {E27D4C59-B2C8-3FCE-83B9-431C73142312}
	EndProjectSection
EndProject
Project("{8BC9CEB8-8B4A-11D0-8D11-00A0C91BC942}") = "test2", "tests\test2.vcxproj", "{EE244A93-4EB3-305E-B524-F1BECD608C3D}"
	ProjectSection(ProjectDependencies) = postProject
		{E27D4C59-B2C8-3FCE-83B9-431C73142312} = {E27D4C59-B2C8-3FCE-83B9-431C73142312}
	EndProjectSection
EndProject
Project("{8BC9CEB8-8B4A-11D0-8D11-00A0C91BC942}") = "test2Formatted", "tests\test2Formatted.vcxproj", "{FD71A01B-68E1-34B3-865B-8790A77E0763}"
	ProjectSection(ProjectDependencies) = postProject
		{E27D4C59-B2C8-3FCE-83B9-431C73142312} = {E27D4C59-B2C8-3FCE-83B9-431C73142312}
	EndProjectSection
EndProject
Project("{8BC9CEB8-8B4A-11D0-8D11-00A0C91BC942}") = "test4", "tests\test4.vcxproj", "{C350403F-D4DB-3958-A07D-27B09A5C3084}"
	ProjectSection(ProjectDependencies) = postProject
		{E27D4C59-B2C8-3FCE-83B9-431C73142312} = {E27D4C59-B2C8-3FCE-83B9-431C73142312}
	EndProjectSection
EndProject
Project("{8BC9CEB8-8B4A-11D0-8D11-00A0C91BC942}") = "testReplaceExisting", "tests\testReplaceExisting.vcxproj", "{D5CFE6F9-C69F-3495-933E-0A46F6089188}"
	ProjectSection(ProjectDependencies) = postProject
		{E27D4C59-B2C8-3FCE-83B9-431C73142312} = {E27D4C59-B2C8-3FCE-83B9-431C73142312}
	EndProjectSection
EndProject
Project("{8BC9CEB8-8B4A-11D0-8D11-00A0C91BC942}") = "test_cast", "tests\test_cast.vcxproj", "{B632DCDB-99A1-30A3-B000-53D73DFAD4C5}"
	ProjectSection(ProjectDependencies) = postProject
		{E27D4C59-B2C8-3FCE-83B9-431C73142312} = {E27D4C59-B2C8-3FCE-83B9-431C73142312}
	EndProjectSection
EndProject
Project("{8BC9CEB8-8B4A-11D0-8D11-00A0C91BC942}") = "test_charcase", "tests\test_charcase.vcxproj", "{7CBDD448-3D7F-3E74-84C3-885CACFEC73A}"
	ProjectSection(ProjectDependencies) = postProject
		{E27D4C59-B2C8-3FCE-83B9-431C73142312} = {E27D4C59-B2C8-3FCE-83B9-431C73142312}
	EndProjectSection
EndProject
Project("{8BC9CEB8-8B4A-11D0-8D11-00A0C91BC942}") = "test_compare", "tests\test_compare.vcxproj", "{17AFE407-1CA0-3090-945B-A2ED017260B8}"
	ProjectSection(ProjectDependencies) = postProject
		{E27D4C59-B2C8-3FCE-83B9-431C73142312} = {E27D4C59-B2C8-3FCE-83B9-431C73142312}
	EndProjectSection
EndProject
Project("{8BC9CEB8-8B4A-11D0-8D11-00A0C91BC942}") = "test_deep_copy", "tests\test_deep_copy.vcxproj", "{59081B85-A65F-3E54-9D4A-261268A2C838}"
	ProjectSection(ProjectDependencies) = postProject
		{E27D4C59-B2C8-3FCE-83B9-431C73142312} = {E27D4C59-B2C8-3FCE-83B9-431C73142312}
	EndProjectSection
EndProject
Project("{8BC9CEB8-8B4A-11D0-8D11-00A0C91BC942}") = "test_double_serializer", "tests\test_double_serializer.vcxproj", "{DEF75448-711A-3D76-9AA2-E6D7F70EBBAC}"
	ProjectSection(ProjectDependencies) = postProject
		{E27D4C59-B2C8-3FCE-83B9-431C73142312} = {E27D4C59-B2C8-3FCE-83B9-431C73142312}
	EndProjectSection
EndProject
Project("{8BC9CEB8-8B4A-11D0-8D11-00A0C91BC942}") = "test_float", "tests\test_float.vcxproj", "{23059ECF-94C5-38D5-8D98-097960E53606}"
	ProjectSection(ProjectDependencies) = postProject
		{E27D4C59-B2C8-3FCE-83B9-431C73142312} = {E27D4C59-B2C8-3FCE-83B9-431C73142312}
	EndProjectSection
EndProject
Project("{8BC9CEB8-8B4A-11D0-8D11-00A0C91BC942}") = "test_int_add", "tests\test_int_add.vcxproj", "{BBBB3F24-3238-36BD-B85B-EF164DF6647D}"
	ProjectSection(ProjectDependencies) = postProject
		{E27D4C59-B2C8-3FCE-83B9-431C73142312} = {E27D4C59-B2C8-3FCE-83B9-431C73142312}
	EndProjectSection
EndProject
Project("{8BC9CEB8-8B4A-11D0-8D11-00A0C91BC942}") = "test_json_pointer", "tests\test_json_pointer.vcxproj", "{B6A8CEB4-65FC-3A0A-9883-9D2C2801C023}"
	ProjectSection(ProjectDependencies) = postProject
		{E27D4C59-B2C8-3FCE-83B9-431C73142312} = {E27D4C59-B2C8-3FCE-83B9-431C73142312}
	EndProjectSection
EndProject
Project("{8BC9CEB8-8B4A-11D0-8D11-00A0C91BC942}") = "test_locale", "tests\test_locale.vcxproj", "{33324681-0DA2-3ED9-9784-85E37A0F7316}"
	ProjectSection(ProjectDependencies) = postProject
		{E27D4C59-B2C8-3FCE-83B9-431C73142312} = {E27D4C59-B2C8-3FCE-83B9-431C73142312}
	EndProjectSection
EndProject
Project("{8BC9CEB8-8B4A-11D0-8D11-00A0C91BC942}") = "test_null", "tests\test_null.vcxproj", "{9A01060E-A8EE-31ED-B9EC-CB0CB13BF165}"
	ProjectSection(ProjectDependencies) = postProject
		{E27D4C59-B2C8-3FCE-83B9-431C73142312} = {E27D4C59-B2C8-3FCE-83B9-431C73142312}
	EndProjectSection
EndProject
Project("{8BC9CEB8-8B4A-11D0-8D11-00A0C91BC942}") = "test_object_iterator", "tests\test_object_iterator.vcxproj", "{EEB26EDF-1368-3650-BA73-614AD6E306D0}"
	ProjectSection(ProjectDependencies) = postProject
		{E27D4C59-B2C8-3FCE-83B9-431C73142312} = {E27D4C59-B2C8-3FCE-83B9-431C73142312}
	EndProjectSection
EndProject
Project("{8BC9CEB8-8B4A-11D0-8D11-00A0C91BC942}") = "test_parse", "tests\test_parse.vcxproj", "{02699ADD-1353-3D48-BFA8-CBEA855BE62D}"
	ProjectSection(ProjectDependencies) = postProject
		{E27D4C59-B2C8-3FCE-83B9-431C73142312} = {E27D4C59-B2C8-3FCE-83B9-431C73142312}
	EndProjectSection
EndProject
Project("{8BC9CEB8-8B4A-11D0-8D11-00A0C91BC942}") = "test_parse_int64", "tests\test_parse_int64.vcxproj", "{296D0FAF-0D01-362A-898C-EBA63A256B58}"
	ProjectSection(ProjectDependencies) = postProject
		{E27D4C59-B2C8-3FCE-83B9-431C73142312} = {E27D4C59-B2C8-3FCE-83B9-431C73142312}
	EndProjectSection
EndProject
Project("{8BC9CEB8-8B4A-11D0-8D11-00A0C91BC942}") = "test_printbuf", "tests\test_printbuf.vcxproj", "{3BDAD020-922D-38D6-A874-980CD789625F}"
	ProjectSection(ProjectDependencies) = postProject
		{E27D4C59-B2C8-3FCE-83B9-431C73142312} = {E27D4C59-B2C8-3FCE-83B9-431C73142312}
	EndProjectSection
EndProject
Project("{8BC9CEB8-8B4A-11D0-8D11-00A0C91BC942}") = "test_set_serializer", "tests\test_set_serializer.vcxproj", "{A5E11525-8105-3D64-A3E8-B70ADD524EF8}"
	ProjectSection(ProjectDependencies) = postProject
		{E27D4C59-B2C8-3FCE-83B9-431C73142312} = {E27D4C59-B2C8-3FCE-83B9-431C73142312}
	EndProjectSection
EndProject
Project("{8BC9CEB8-8B4A-11D0-8D11-00A0C91BC942}") = "test_set_value", "tests\test_set_value.vcxproj", "{D415FA85-F339-39C1-86A5-0E3B58C87365}"
	ProjectSection(ProjectDependencies) = postProject
		{E27D4C59-B2C8-3FCE-83B9-431C73142312} = {E27D4C59-B2C8-3FCE-83B9-431C73142312}
	EndProjectSection
EndProject
Project("{8BC9CEB8-8B4A-11D0-8D11-00A0C91BC942}") = "test_util_file", "tests\test_util_file.vcxproj", "{4F7E30E5-11FB-3472-B606-20C7E559EC4E}"
	ProjectSection(ProjectDependencies) = postProject
		{E27D4C59-B2C8-3FCE-83B9-431C73142312} = {E27D4C59-B2C8-3FCE-83B9-431C73142312}
	EndProjectSection
EndProject
Project("{8BC9CEB8-8B4A-11D0-8D11-00A0C91BC942}") = "test_visit", "tests\test_visit.vcxproj", "{D79FD95A-C304-3A35-93F5-313D6F685F20}"
	ProjectSection(ProjectDependencies) = postProject
		{E27D4C59-B2C8-3FCE-83B9-431C73142312} = {E27D4C59-B2C8-3FCE-83B9-431C73142312}
	EndProjectSection
EndProject
Global
	GlobalSection(SolutionConfigurationPlatforms) = preSolution
		Debug|x64 = Debug|x64
		Release|x64 = Release|x64
		vs2017_Debug|x64 = vs2017_Debug|x64
		vs2017_Release|x64 = vs2017_Release|x64
	EndGlobalSection
	GlobalSection(ProjectConfigurationPlatforms) = postSolution
		{E27D4C59-B2C8-3FCE-83B9-431C73142312}.Debug|x64.ActiveCfg = Debug|x64
		{E27D4C59-B2C8-3FCE-83B9-431C73142312}.Debug|x64.Build.0 = Debug|x64
		{E27D4C59-B2C8-3FCE-83B9-431C73142312}.Release|x64.ActiveCfg = Release|x64
		{E27D4C59-B2C8-3FCE-83B9-431C73142312}.Release|x64.Build.0 = Release|x64
		{E27D4C59-B2C8-3FCE-83B9-431C73142312}.vs2017_Debug|x64.ActiveCfg = vs2017_Debug|x64
		{E27D4C59-B2C8-3FCE-83B9-431C73142312}.vs2017_Debug|x64.Build.0 = vs2017_Debug|x64
		{E27D4C59-B2C8-3FCE-83B9-431C73142312}.vs2017_Release|x64.ActiveCfg = vs2017_Release|x64
		{E27D4C59-B2C8-3FCE-83B9-431C73142312}.vs2017_Release|x64.Build.0 = vs2017_Release|x64
		{6E40A029-4199-3D5F-BFA6-CE4788780A61}.Debug|x64.ActiveCfg = Debug|x64
		{6E40A029-4199-3D5F-BFA6-CE4788780A61}.Debug|x64.Build.0 = Debug|x64
		{6E40A029-4199-3D5F-BFA6-CE4788780A61}.Release|x64.ActiveCfg = Release|x64
		{6E40A029-4199-3D5F-BFA6-CE4788780A61}.Release|x64.Build.0 = Release|x64
		{6E40A029-4199-3D5F-BFA6-CE4788780A61}.vs2017_Debug|x64.ActiveCfg = vs2017_Debug|x64
		{6E40A029-4199-3D5F-BFA6-CE4788780A61}.vs2017_Debug|x64.Build.0 = vs2017_Debug|x64
		{6E40A029-4199-3D5F-BFA6-CE4788780A61}.vs2017_Release|x64.ActiveCfg = vs2017_Release|x64
		{6E40A029-4199-3D5F-BFA6-CE4788780A61}.vs2017_Release|x64.Build.0 = vs2017_Release|x64
		{76BEC8CB-4397-34A6-BB1A-E020F1EFF59B}.Debug|x64.ActiveCfg = Debug|x64
		{76BEC8CB-4397-34A6-BB1A-E020F1EFF59B}.Debug|x64.Build.0 = Debug|x64
		{76BEC8CB-4397-34A6-BB1A-E020F1EFF59B}.Release|x64.ActiveCfg = Release|x64
		{76BEC8CB-4397-34A6-BB1A-E020F1EFF59B}.Release|x64.Build.0 = Release|x64
		{76BEC8CB-4397-34A6-BB1A-E020F1EFF59B}.vs2017_Debug|x64.ActiveCfg = vs2017_Debug|x64
		{76BEC8CB-4397-34A6-BB1A-E020F1EFF59B}.vs2017_Debug|x64.Build.0 = vs2017_Debug|x64
		{76BEC8CB-4397-34A6-BB1A-E020F1EFF59B}.vs2017_Release|x64.ActiveCfg = vs2017_Release|x64
		{76BEC8CB-4397-34A6-BB1A-E020F1EFF59B}.vs2017_Release|x64.Build.0 = vs2017_Release|x64
		{166B9D43-F8FD-3BD2-AD61-0E356B6879C9}.Debug|x64.ActiveCfg = Debug|x64
		{166B9D43-F8FD-3BD2-AD61-0E356B6879C9}.Debug|x64.Build.0 = Debug|x64
		{166B9D43-F8FD-3BD2-AD61-0E356B6879C9}.Release|x64.ActiveCfg = Release|x64
		{166B9D43-F8FD-3BD2-AD61-0E356B6879C9}.Release|x64.Build.0 = Release|x64
		{166B9D43-F8FD-3BD2-AD61-0E356B6879C9}.vs2017_Debug|x64.ActiveCfg = vs2017_Debug|x64
		{166B9D43-F8FD-3BD2-AD61-0E356B6879C9}.vs2017_Debug|x64.Build.0 = vs2017_Debug|x64
		{166B9D43-F8FD-3BD2-AD61-0E356B6879C9}.vs2017_Release|x64.ActiveCfg = vs2017_Release|x64
		{166B9D43-F8FD-3BD2-AD61-0E356B6879C9}.vs2017_Release|x64.Build.0 = vs2017_Release|x64
		{EE244A93-4EB3-305E-B524-F1BECD608C3D}.Debug|x64.ActiveCfg = Debug|x64
		{EE244A93-4EB3-305E-B524-F1BECD608C3D}.Debug|x64.Build.0 = Debug|x64
		{EE244A93-4EB3-305E-B524-F1BECD608C3D}.Release|x64.ActiveCfg = Release|x64
		{EE244A93-4EB3-305E-B524-F1BECD608C3D}.Release|x64.Build.0 = Release|x64
		{EE244A93-4EB3-305E-B524-F1BECD608C3D}.vs2017_Debug|x64.ActiveCfg = vs2017_Debug|x64
		{EE244A93-4EB3-305E-B524-F1BECD608C3D}.vs2017_Debug|x64.Build.0 = vs2017_Debug|x64
		{EE244A93-4EB3-305E-B524-F1BECD608C3D}.vs2017_Release|x64.ActiveCfg = vs2017_Release|x64
		{EE244A93-4EB3-305E-B524-F1BECD608C3D}.vs2017_Release|x64.Build.0 = vs2017_Release|x64
		{FD71A01B-68E1-34B3-865B-8790A77E0763}.Debug|x64.ActiveCfg = Debug|x64
		{FD71A01B-68E1-34B3-865B-8790A77E0763}.Debug|x64.Build.0 = Debug|x64
		{FD71A01B-68E1-34B3-865B-8790A77E0763}.Release|x64.ActiveCfg = Release|x64
		{FD71A01B-68E1-34B3-865B-8790A77E0763}.Release|x64.Build.0 = Release|x64
		{FD71A01B-68E1-34B3-865B-8790A77E0763}.vs2017_Debug|x64.ActiveCfg = vs2017_Debug|x64
		{FD71A01B-68E1-34B3-865B-8790A77E0763}.vs2017_Debug|x64.Build.0 = vs2017_Debug|x64
		{FD71A01B-68E1-34B3-865B-8790A77E0763}.vs2017_Release|x64.ActiveCfg = vs2017_Release|x64
		{FD71A01B-68E1-34B3-865B-8790A77E0763}.vs2017_Release|x64.Build.0 = vs2017_Release|x64
		{C350403F-D4DB-3958-A07D-27B09A5C3084}.Debug|x64.ActiveCfg = Debug|x64
		{C350403F-D4DB-3958-A07D-27B09A5C3084}.Debug|x64.Build.0 = Debug|x64
		{C350403F-D4DB-3958-A07D-27B09A5C3084}.Release|x64.ActiveCfg = Release|x64
		{C350403F-D4DB-3958-A07D-27B09A5C3084}.Release|x64.Build.0 = Release|x64
		{C350403F-D4DB-3958-A07D-27B09A5C3084}.vs2017_Debug|x64.ActiveCfg = vs2017_Debug|x64
		{C350403F-D4DB-3958-A07D-27B09A5C3084}.vs2017_Debug|x64.Build.0 = vs2017_Debug|x64
		{C350403F-D4DB-3958-A07D-27B09A5C3084}.vs2017_Release|x64.ActiveCfg = vs2017_Release|x64
		{C350403F-D4DB-3958-A07D-27B09A5C3084}.vs2017_Release|x64.Build.0 = vs2017_Release|x64
		{D5CFE6F9-C69F-3495-933E-0A46F6089188}.Debug|x64.ActiveCfg = Debug|x64
		{D5CFE6F9-C69F-3495-933E-0A46F6089188}.Debug|x64.Build.0 = Debug|x64
		{D5CFE6F9-C69F-3495-933E-0A46F6089188}.Release|x64.ActiveCfg = Release|x64
		{D5CFE6F9-C69F-3495-933E-0A46F6089188}.Release|x64.Build.0 = Release|x64
		{D5CFE6F9-C69F-3495-933E-0A46F6089188}.vs2017_Debug|x64.ActiveCfg = vs2017_Debug|x64
		{D5CFE6F9-C69F-3495-933E-0A46F6089188}.vs2017_Debug|x64.Build.0 = vs2017_Debug|x64
		{D5CFE6F9-C69F-3495-933E-0A46F6089188}.vs2017_Release|x64.ActiveCfg = vs2017_Release|x64
		{D5CFE6F9-C69F-3495-933E-0A46F6089188}.vs2017_Release|x64.Build.0 = vs2017_Release|x64
		{B632DCDB-99A1-30A3-B000-53D73DFAD4C5}.Debug|x64.ActiveCfg = Debug|x64
		{B632DCDB-99A1-30A3-B000-53D73DFAD4C5}.Debug|x64.Build.0 = Debug|x64
		{B632DCDB-99A1-30A3-B000-53D73DFAD4C5}.Release|x64.ActiveCfg = Release|x64
		{B632DCDB-99A1-30A3-B000-53D73DFAD4C5}.Release|x64.Build.0 = Release|x64
		{B632DCDB-99A1-30A3-B000-53D73DFAD4C5}.vs2017_Debug|x64.ActiveCfg = vs2017_Debug|x64
		{B632DCDB-99A1-30A3-B000-53D73DFAD4C5}.vs2017_Debug|x64.Build.0 = vs2017_Debug|x64
		{B632DCDB-99A1-30A3-B000-53D73DFAD4C5}.vs2017_Release|x64.ActiveCfg = vs2017_Release|x64
		{B632DCDB-99A1-30A3-B000-53D73DFAD4C5}.vs2017_Release|x64.Build.0 = vs2017_Release|x64
		{7CBDD448-3D7F-3E74-84C3-885CACFEC73A}.Debug|x64.ActiveCfg = Debug|x64
		{7CBDD448-3D7F-3E74-84C3-885CACFEC73A}.Debug|x64.Build.0 = Debug|x64
		{7CBDD448-3D7F-3E74-84C3-885CACFEC73A}.Release|x64.ActiveCfg = Release|x64
		{7CBDD448-3D7F-3E74-84C3-885CACFEC73A}.Release|x64.Build.0 = Release|x64
		{7CBDD448-3D7F-3E74-84C3-885CACFEC73A}.vs2017_Debug|x64.ActiveCfg = vs2017_Debug|x64
		{7CBDD448-3D7F-3E74-84C3-885CACFEC73A}.vs2017_Debug|x64.Build.0 = vs2017_Debug|x64
		{7CBDD448-3D7F-3E74-84C3-885CACFEC73A}.vs2017_Release|x64.ActiveCfg = vs2017_Release|x64
		{7CBDD448-3D7F-3E74-84C3-885CACFEC73A}.vs2017_Release|x64.Build.0 = vs2017_Release|x64
		{17AFE407-1CA0-3090-945B-A2ED017260B8}.Debug|x64.ActiveCfg = Debug|x64
		{17AFE407-1CA0-3090-945B-A2ED017260B8}.Debug|x64.Build.0 = Debug|x64
		{17AFE407-1CA0-3090-945B-A2ED017260B8}.Release|x64.ActiveCfg = Release|x64
		{17AFE407-1CA0-3090-945B-A2ED017260B8}.Release|x64.Build.0 = Release|x64
		{17AFE407-1CA0-3090-945B-A2ED017260B8}.vs2017_Debug|x64.ActiveCfg = vs2017_Debug|x64
		{17AFE407-1CA0-3090-945B-A2ED017260B8}.vs2017_Debug|x64.Build.0 = vs2017_Debug|x64
		{17AFE407-1CA0-3090-945B-A2ED017260B8}.vs2017_Release|x64.ActiveCfg = vs2017_Release|x64
		{17AFE407-1CA0-3090-945B-A2ED017260B8}.vs2017_Release|x64.Build.0 = vs2017_Release|x64
		{59081B85-A65F-3E54-9D4A-261268A2C838}.Debug|x64.ActiveCfg = Debug|x64
		{59081B85-A65F-3E54-9D4A-261268A2C838}.Debug|x64.Build.0 = Debug|x64
		{59081B85-A65F-3E54-9D4A-261268A2C838}.Release|x64.ActiveCfg = Release|x64
		{59081B85-A65F-3E54-9D4A-261268A2C838}.Release|x64.Build.0 = Release|x64
		{59081B85-A65F-3E54-9D4A-261268A2C838}.vs2017_Debug|x64.ActiveCfg = vs2017_Debug|x64
		{59081B85-A65F-3E54-9D4A-261268A2C838}.vs2017_Debug|x64.Build.0 = vs2017_Debug|x64
		{59081B85-A65F-3E54-9D4A-261268A2C838}.vs2017_Release|x64.ActiveCfg = vs2017_Release|x64
		{59081B85-A65F-3E54-9D4A-261268A2C838}.vs2017_Release|x64.Build.0 = vs2017_Release|x64
		{DEF75448-711A-3D76-9AA2-E6D7F70EBBAC}.Debug|x64.ActiveCfg = Debug|x64
		{DEF75448-711A-3D76-9AA2-E6D7F70EBBAC}.Debug|x64.Build.0 = Debug|x64
		{DEF75448-711A-3D76-9AA2-E6D7F70EBBAC}.Release|x64.ActiveCfg = Release|x64
		{DEF75448-711A-3D76-9AA2-E6D7F70EBBAC}.Release|x64.Build.0 = Release|x64
		{DEF75448-711A-3D76-9AA2-E6D7F70EBBAC}.vs2017_Debug|x64.ActiveCfg = vs2017_Debug|x64
		{DEF75448-711A-3D76-9AA2-E6D7F70EBBAC}.vs2017_Debug|x64.Build.0 = vs2017_Debug|x64
		{DEF75448-711A-3D76-9AA2-E6D7F70EBBAC}.vs2017_Release|x64.ActiveCfg = vs2017_Release|x64
		{DEF75448-711A-3D76-9AA2-E6D7F70EBBAC}.vs2017_Release|x64.Build.0 = vs2017_Release|x64
		{23059ECF-94C5-38D5-8D98-097960E53606}.Debug|x64.ActiveCfg = Debug|x64
		{23059ECF-94C5-38D5-8D98-097960E53606}.Debug|x64.Build.0 = Debug|x64
		{23059ECF-94C5-38D5-8D98-097960E53606}.Release|x64.ActiveCfg = Release|x64
		{23059ECF-94C5-38D5-8D98-097960E53606}.Release|x64.Build.0 = Release|x64
		{23059ECF-94C5-38D5-8D98-097960E53606}.vs2017_Debug|x64.ActiveCfg = vs2017_Debug|x64
		{23059ECF-94C5-38D5-8D98-097960E53606}.vs2017_Debug|x64.Build.0 = vs2017_Debug|x64
		{23059ECF-94C5-38D5-8D98-097960E53606}.vs2017_Release|x64.ActiveCfg = vs2017_Release|x64
		{23059ECF-94C5-38D5-8D98-097960E53606}.vs2017_Release|x64.Build.0 = vs2017_Release|x64
		{BBBB3F24-3238-36BD-B85B-EF164DF6647D}.Debug|x64.ActiveCfg = Debug|x64
		{BBBB3F24-3238-36BD-B85B-EF164DF6647D}.Debug|x64.Build.0 = Debug|x64
		{BBBB3F24-3238-36BD-B85B-EF164DF6647D}.Release|x64.ActiveCfg = Release|x64
		{BBBB3F24-3238-36BD-B85B-EF164DF6647D}.Release|x64.Build.0 = Release|x64
		{BBBB3F24-3238-36BD-B85B-EF164DF6647D}.vs2017_Debug|x64.ActiveCfg = vs2017_Debug|x64
		{BBBB3F24-3238-36BD-B85B-EF164DF6647D}.vs2017_Debug|x64.Build.0 = vs2017_Debug|x64
		{BBBB3F24-3238-36BD-B85B-EF164DF6647D}.vs2017_Release|x64.ActiveCfg = vs2017_Release|x64
		{BBBB3F24-3238-36BD-B85B-EF164DF6647D}.vs2017_Release|x64.Build.0 = vs2017_Release|x64
		{B6A8CEB4-65FC-3A0A-9883-9D2C2801C023}.Debug|x64.ActiveCfg = Debug|x64
		{B6A8CEB4-65FC-3A0A-9883-9D2C2801C023}.Debug|x64.Build.0 = Debug|x64
		{B6A8CEB4-65FC-3A0A-9883-9D2C2801C023}.Release|x64.ActiveCfg = Release|x64
		{B6A8CEB4-65FC-3A0A-9883-9D2C2801C023}.Release|x64.Build.0 = Release|x64
		{B6A8CEB4-65FC-3A0A-9883-9D2C2801C023}.vs2017_Debug|x64.ActiveCfg = vs2017_Debug|x64
		{B6A8CEB4-65FC-3A0A-9883-9D2C2801C023}.vs2017_Debug|x64.Build.0 = vs2017_Debug|x64
		{B6A8CEB4-65FC-3A0A-9883-9D2C2801C023}.vs2017_Release|x64.ActiveCfg = vs2017_Release|x64
		{B6A8CEB4-65FC-3A0A-9883-9D2C2801C023}.vs2017_Release|x64.Build.0 = vs2017_Release|x64
		{33324681-0DA2-3ED9-9784-85E37A0F7316}.Debug|x64.ActiveCfg = Debug|x64
		{33324681-0DA2-3ED9-9784-85E37A0F7316}.Debug|x64.Build.0 = Debug|x64
		{33324681-0DA2-3ED9-9784-85E37A0F7316}.Release|x64.ActiveCfg = Release|x64
		{33324681-0DA2-3ED9-9784-85E37A0F7316}.Release|x64.Build.0 = Release|x64
		{33324681-0DA2-3ED9-9784-85E37A0F7316}.vs2017_Debug|x64.ActiveCfg = vs2017_Debug|x64
		{33324681-0DA2-3ED9-9784-85E37A0F7316}.vs2017_Debug|x64.Build.0 = vs2017_Debug|x64
		{33324681-0DA2-3ED9-9784-85E37A0F7316}.vs2017_Release|x64.ActiveCfg = vs2017_Release|x64
		{33324681-0DA2-3ED9-9784-85E37A0F7316}.vs2017_Release|x64.Build.0 = vs2017_Release|x64
		{9A01060E-A8EE-31ED-B9EC-CB0CB13BF165}.Debug|x64.ActiveCfg = Debug|x64
		{9A01060E-A8EE-31ED-B9EC-CB0CB13BF165}.Debug|x64.Build.0 = Debug|x64
		{9A01060E-A8EE-31ED-B9EC-CB0CB13BF165}.Release|x64.ActiveCfg = Release|x64
		{9A01060E-A8EE-31ED-B9EC-CB0CB13BF165}.Release|x64.Build.0 = Release|x64
		{9A01060E-A8EE-31ED-B9EC-CB0CB13BF165}.vs2017_Debug|x64.ActiveCfg = vs2017_Debug|x64
		{9A01060E-A8EE-31ED-B9EC-CB0CB13BF165}.vs2017_Debug|x64.Build.0 = vs2017_Debug|x64
		{9A01060E-A8EE-31ED-B9EC-CB0CB13BF165}.vs2017_Release|x64.ActiveCfg = vs2017_Release|x64
		{9A01060E-A8EE-31ED-B9EC-CB0CB13BF165}.vs2017_Release|x64.Build.0 = vs2017_Release|x64
		{EEB26EDF-1368-3650-BA73-614AD6E306D0}.Debug|x64.ActiveCfg = Debug|x64
		{EEB26EDF-1368-3650-BA73-614AD6E306D0}.Debug|x64.Build.0 = Debug|x64
		{EEB26EDF-1368-3650-BA73-614AD6E306D0}.Release|x64.ActiveCfg = Release|x64
		{EEB26EDF-1368-3650-BA73-614AD6E306D0}.Release|x64.Build.0 = Release|x64
		{EEB26EDF-1368-3650-BA73-614AD6E306D0}.vs2017_Debug|x64.ActiveCfg = vs2017_Debug|x64
		{EEB26EDF-1368-3650-BA73-614AD6E306D0}.vs2017_Debug|x64.Build.0 = vs2017_Debug|x64
		{EEB26EDF-1368-3650-BA73-614AD6E306D0}.vs2017_Release|x64.ActiveCfg = vs2017_Release|x64
		{EEB26EDF-1368-3650-BA73-614AD6E306D0}.vs2017_Release|x64.Build.0 = vs2017_Release|x64
		{02699ADD-1353-3D48-BFA8-CBEA855BE62D}.Debug|x64.ActiveCfg = Debug|x64
		{02699ADD-1353-3D48-BFA8-CBEA855BE62D}.Debug|x64.Build.0 = Debug|x64
		{02699ADD-1353-3D48-BFA8-CBEA855BE62D}.Release|x64.ActiveCfg = Release|x64
		{02699ADD-1353-3D48-BFA8-CBEA855BE62D}.Release|x64.Build.0 = Release|x64
		{02699ADD-1353-3D48-BFA8-CBEA855BE62D}.vs2017_Debug|x64.ActiveCfg = vs2017_Debug|x64
		{02699ADD-1353-3D48-BFA8-CBEA855BE62D}.vs2017_Debug|x64.Build.0 = vs2017_Debug|x64
		{02699ADD-1353-3D48-BFA8-CBEA855BE62D}.vs2017_Release|x64.ActiveCfg = vs2017_Release|x64
		{02699ADD-1353-3D48-BFA8-CBEA855BE62D}.vs2017_Release|x64.Build.0 = vs2017_Release|x64
		{296D0FAF-0D01-362A-898C-EBA63A256B58}.Debug|x64.ActiveCfg = Debug|x64
		{296D0FAF-0D01-362A-898C-EBA63A256B58}.Debug|x64.Build.0 = Debug|x64
		{296D0FAF-0D01-362A-898C-EBA63A256B58}.Release|x64.ActiveCfg = Release|x64
		{296D0FAF-0D01-362A-898C-EBA63A256B58}.Release|x64.Build.0 = Release|x64
		{296D0FAF-0D01-362A-898C-EBA63A256B58}.vs2017_Debug|x64.ActiveCfg = vs2017_Debug|x64
		{296D0FAF-0D01-362A-898C-EBA63A256B58}.vs2017_Debug|x64.Build.0 = vs2017_Debug|x64
		{296D0FAF-0D01-362A-898C-EBA63A256B58}.vs2017_Release|x64.ActiveCfg = vs2017_Release|x64
		{296D0FAF-0D01-362A-898C-EBA63A256B58}.vs2017_Release|x64.Build.0 = vs2017_Release|x64
		{3BDAD020-922D-38D6-A874-980CD789625F}.Debug|x64.ActiveCfg = Debug|x64
		{3BDAD020-922D-38D6-A874-980CD789625F}.Debug|x64.Build.0 = Debug|x64
		{3BDAD020-922D-38D6-A874-980CD789625F}.Release|x64.ActiveCfg = Release|x64
		{3BDAD020-922D-38D6-A874-980CD789625F}.Release|x64.Build.0 = Release|x64
		{3BDAD020-922D-38D6-A874-980CD789625F}.vs2017_Debug|x64.ActiveCfg = vs2017_Debug|x64
		{3BDAD020-922D-38D6-A874-980CD789625F}.vs2017_Debug|x64.Build.0 = vs2017_Debug|x64
		{3BDAD020-922D-38D6-A874-980CD789625F}.vs2017_Release|x64.ActiveCfg = vs2017_Release|x64
		{3BDAD020-922D-38D6-A874-980CD789625F}.vs2017_Release|x64.Build.0 = vs2017_Release|x64
		{A5E11525-8105-3D64-A3E8-B70ADD524EF8}.Debug|x64.ActiveCfg = Debug|x64
		{A5E11525-8105-3D64-A3E8-B70ADD524EF8}.Debug|x64.Build.0 = Debug|x64
		{A5E11525-8105-3D64-A3E8-B70ADD524EF8}.Release|x64.ActiveCfg = Release|x64
		{A5E11525-8105-3D64-A3E8-B70ADD524EF8}.Release|x64.Build.0 = Release|x64
		{A5E11525-8105-3D64-A3E8-B70ADD524EF8}.vs2017_Debug|x64.ActiveCfg = vs2017_Debug|x64
		{A5E11525-8105-3D64-A3E8-B70ADD524EF8}.vs2017_Debug|x64.Build.0 = vs2017_Debug|x64
		{A5E11525-8105-3D64-A3E8-B70ADD524EF8}.vs2017_Release|x64.ActiveCfg = vs2017_Release|x64
		{A5E11525-8105-3D64-A3E8-B70ADD524EF8}.vs2017_Release|x64.Build.0 = vs2017_Release|x64
		{D415FA85-F339-39C1-86A5-0E3B58C87365}.Debug|x64.ActiveCfg = Debug|x64
		{D415FA85-F339-39C1-86A5-0E3B58C87365}.Debug|x64.Build.0 = Debug|x64
		{D415FA85-F339-39C1-86A5-0E3B58C87365}.Release|x64.ActiveCfg = Release|x64
		{D415FA85-F339-39C1-86A5-0E3B58C87365}.Release|x64.Build.0 = Release|x64
		{D415FA85-F339-39C1-86A5-0E3B58C87365}.vs2017_Debug|x64.ActiveCfg = vs2017_Debug|x64
		{D415FA85-F339-39C1-86A5-0E3B58C87365}.vs2017_Debug|x64.Build.0 = vs2017_Debug|x64
		{D415FA85-F339-39C1-86A5-0E3B58C87365}.vs2017_Release|x64.ActiveCfg = vs2017_Release|x64
		{D415FA85-F339-39C1-86A5-0E3B58C87365}.vs2017_Release|x64.Build.0 = vs2017_Release|x64
		{4F7E30E5-11FB-3472-B606-20C7E559EC4E}.Debug|x64.ActiveCfg = Debug|x64
		{4F7E30E5-11FB-3472-B606-20C7E559EC4E}.Debug|x64.Build.0 = Debug|x64
		{4F7E30E5-11FB-3472-B606-20C7E559EC4E}.Release|x64.ActiveCfg = Release|x64
		{4F7E30E5-11FB-3472-B606-20C7E559EC4E}.Release|x64.Build.0 = Release|x64
		{4F7E30E5-11FB-3472-B606-20C7E559EC4E}.vs2017_Debug|x64.ActiveCfg = vs2017_Debug|x64
		{4F7E30E5-11FB-3472-B606-20C7E559EC4E}.vs2017_Debug|x64.Build.0 = vs2017_Debug|x64
		{4F7E30E5-11FB-3472-B606-20C7E559EC4E}.vs2017_Release|x64.ActiveCfg = vs2017_Release|x64
		{4F7E30E5-11FB-3472-B606-20C7E559EC4E}.vs2017_Release|x64.Build.0 = vs2017_Release|x64
		{D79FD95A-C304-3A35-93F5-313D6F685F20}.Debug|x64.ActiveCfg = Debug|x64
		{D79FD95A-C304-3A35-93F5-313D6F685F20}.Debug|x64.Build.0 = Debug|x64
		{D79FD95A-C304-3A35-93F5-313D6F685F20}.Release|x64.ActiveCfg = Release|x64
		{D79FD95A-C304-3A35-93F5-313D6F685F20}.Release|x64.Build.0 = Release|x64
		{D79FD95A-C304-3A35-93F5-313D6F685F20}.vs2017_Debug|x64.ActiveCfg = vs2017_Debug|x64
		{D79FD95A-C304-3A35-93F5-313D6F685F20}.vs2017_Debug|x64.Build.0 = vs2017_Debug|x64
		{D79FD95A-C304-3A35-93F5-313D6F685F20}.vs2017_Release|x64.ActiveCfg = vs2017_Release|x64
		{D79FD95A-C304-3A35-93F5-313D6F685F20}.vs2017_Release|x64.Build.0 = vs2017_Release|x64
	EndGlobalSection
	GlobalSection(SolutionProperties) = preSolution
		HideSolutionNode = FALSE
	EndGlobalSection
	GlobalSection(ExtensibilityGlobals) = postSolution
		SolutionGuid = {28A91E2C-2E76-3CAA-B8BB-46BD09232261}
	EndGlobalSection
EndGlobal
